// !$*UTF8*$!
{
	archiveVersion = 1;
	classes = {
	};
	objectVersion = 46;
	objects = {

/* Begin PBXBuildFile section */
		B86205131ECEA04700F7888F /* Domain.m in Sources */ = {isa = PBXBuildFile; fileRef = B86205121ECEA04700F7888F /* Domain.m */; };
		B86205161ECEB38B00F7888F /* Record.m in Sources */ = {isa = PBXBuildFile; fileRef = B86205151ECEB38B00F7888F /* Record.m */; };
		B86205191ECEB3B100F7888F /* Monitor.m in Sources */ = {isa = PBXBuildFile; fileRef = B86205181ECEB3B100F7888F /* Monitor.m */; };
		B862051E1ECEC6E900F7888F /* DomainWindowController.m in Sources */ = {isa = PBXBuildFile; fileRef = B862051C1ECEC6E900F7888F /* DomainWindowController.m */; };
		B862051F1ECEC6E900F7888F /* DomainWindowController.xib in Resources */ = {isa = PBXBuildFile; fileRef = B862051D1ECEC6E900F7888F /* DomainWindowController.xib */; };
		B86205251ECEC7FE00F7888F /* RecordWindowController.m in Sources */ = {isa = PBXBuildFile; fileRef = B86205231ECEC7FE00F7888F /* RecordWindowController.m */; };
		B86205261ECEC7FE00F7888F /* RecordWindowController.xib in Resources */ = {isa = PBXBuildFile; fileRef = B86205241ECEC7FE00F7888F /* RecordWindowController.xib */; };
		B862052A1ECEC81E00F7888F /* MonitorWindowController.m in Sources */ = {isa = PBXBuildFile; fileRef = B86205281ECEC81E00F7888F /* MonitorWindowController.m */; };
		B862052B1ECEC81E00F7888F /* MonitorWindowController.xib in Resources */ = {isa = PBXBuildFile; fileRef = B86205291ECEC81E00F7888F /* MonitorWindowController.xib */; };
		B8A25F1D1ED422B00085C843 /* IP.m in Sources */ = {isa = PBXBuildFile; fileRef = B8A25F1C1ED422B00085C843 /* IP.m */; };
		B8A25F221ED423A70085C843 /* iAlert.m in Sources */ = {isa = PBXBuildFile; fileRef = B8A25F211ED423A70085C843 /* iAlert.m */; };
		B8BC40161ED2A34C006B3CF7 /* DynamicPopUpButtonCell.m in Sources */ = {isa = PBXBuildFile; fileRef = B8BC40151ED2A34C006B3CF7 /* DynamicPopUpButtonCell.m */; };
		B8BC401A1ED2AD1A006B3CF7 /* OprationCell.m in Sources */ = {isa = PBXBuildFile; fileRef = B8BC40191ED2AD1A006B3CF7 /* OprationCell.m */; };
		B8F54D571ECAC567009855D1 /* AppDelegate.m in Sources */ = {isa = PBXBuildFile; fileRef = B8F54D561ECAC567009855D1 /* AppDelegate.m */; };
		B8F54D5A1ECAC567009855D1 /* main.m in Sources */ = {isa = PBXBuildFile; fileRef = B8F54D591ECAC567009855D1 /* main.m */; };
		B8F54D5C1ECAC567009855D1 /* Assets.xcassets in Resources */ = {isa = PBXBuildFile; fileRef = B8F54D5B1ECAC567009855D1 /* Assets.xcassets */; };
		B8F54D5F1ECAC567009855D1 /* MainMenu.xib in Resources */ = {isa = PBXBuildFile; fileRef = B8F54D5D1ECAC567009855D1 /* MainMenu.xib */; };
		B8F54D751ECACD11009855D1 /* UserViewController.m in Sources */ = {isa = PBXBuildFile; fileRef = B8F54D731ECACD11009855D1 /* UserViewController.m */; };
		B8F54D761ECACD11009855D1 /* UserViewController.xib in Resources */ = {isa = PBXBuildFile; fileRef = B8F54D741ECACD11009855D1 /* UserViewController.xib */; };
		B8F54D781ECACEF9009855D1 /* logo.png in Resources */ = {isa = PBXBuildFile; fileRef = B8F54D771ECACEF9009855D1 /* logo.png */; };
		B8F54D7B1ECAD18B009855D1 /* statusbar.png in Resources */ = {isa = PBXBuildFile; fileRef = B8F54D791ECAD18B009855D1 /* statusbar.png */; };
		B8F54D7C1ECAD18B009855D1 /* statusbar@2x.png in Resources */ = {isa = PBXBuildFile; fileRef = B8F54D7A1ECAD18B009855D1 /* statusbar@2x.png */; };
		B8F54D861ECAD5BE009855D1 /* APIManager.m in Sources */ = {isa = PBXBuildFile; fileRef = B8F54D841ECAD5BE009855D1 /* APIManager.m */; };
		B8F54D8A1ECAD626009855D1 /* User.m in Sources */ = {isa = PBXBuildFile; fileRef = B8F54D891ECAD626009855D1 /* User.m */; };
		B8F54D8D1ECAD6CC009855D1 /* BaseModel.m in Sources */ = {isa = PBXBuildFile; fileRef = B8F54D8C1ECAD6CC009855D1 /* BaseModel.m */; };
		B8F54D911ECAE3C9009855D1 /* NSDictionary+JKSafeAccess.m in Sources */ = {isa = PBXBuildFile; fileRef = B8F54D901ECAE3C9009855D1 /* NSDictionary+JKSafeAccess.m */; };
		B8F54D941ECAE3D7009855D1 /* NSArray+JKSafeAccess.m in Sources */ = {isa = PBXBuildFile; fileRef = B8F54D931ECAE3D7009855D1 /* NSArray+JKSafeAccess.m */; };
/* End PBXBuildFile section */

/* Begin PBXFileReference section */
		B86205111ECEA04700F7888F /* Domain.h */ = {isa = PBXFileReference; fileEncoding = 4; lastKnownFileType = sourcecode.c.h; path = Domain.h; sourceTree = "<group>"; };
		B86205121ECEA04700F7888F /* Domain.m */ = {isa = PBXFileReference; fileEncoding = 4; lastKnownFileType = sourcecode.c.objc; path = Domain.m; sourceTree = "<group>"; };
		B86205141ECEB38B00F7888F /* Record.h */ = {isa = PBXFileReference; fileEncoding = 4; lastKnownFileType = sourcecode.c.h; path = Record.h; sourceTree = "<group>"; };
		B86205151ECEB38B00F7888F /* Record.m */ = {isa = PBXFileReference; fileEncoding = 4; lastKnownFileType = sourcecode.c.objc; path = Record.m; sourceTree = "<group>"; };
		B86205171ECEB3B100F7888F /* Monitor.h */ = {isa = PBXFileReference; fileEncoding = 4; lastKnownFileType = sourcecode.c.h; path = Monitor.h; sourceTree = "<group>"; };
		B86205181ECEB3B100F7888F /* Monitor.m */ = {isa = PBXFileReference; fileEncoding = 4; lastKnownFileType = sourcecode.c.objc; path = Monitor.m; sourceTree = "<group>"; };
		B862051B1ECEC6E900F7888F /* DomainWindowController.h */ = {isa = PBXFileReference; fileEncoding = 4; lastKnownFileType = sourcecode.c.h; path = DomainWindowController.h; sourceTree = "<group>"; };
		B862051C1ECEC6E900F7888F /* DomainWindowController.m */ = {isa = PBXFileReference; fileEncoding = 4; lastKnownFileType = sourcecode.c.objc; path = DomainWindowController.m; sourceTree = "<group>"; };
		B862051D1ECEC6E900F7888F /* DomainWindowController.xib */ = {isa = PBXFileReference; fileEncoding = 4; lastKnownFileType = file.xib; path = DomainWindowController.xib; sourceTree = "<group>"; };
		B86205221ECEC7FE00F7888F /* RecordWindowController.h */ = {isa = PBXFileReference; fileEncoding = 4; lastKnownFileType = sourcecode.c.h; path = RecordWindowController.h; sourceTree = "<group>"; };
		B86205231ECEC7FE00F7888F /* RecordWindowController.m */ = {isa = PBXFileReference; fileEncoding = 4; lastKnownFileType = sourcecode.c.objc; path = RecordWindowController.m; sourceTree = "<group>"; };
		B86205241ECEC7FE00F7888F /* RecordWindowController.xib */ = {isa = PBXFileReference; fileEncoding = 4; lastKnownFileType = file.xib; path = RecordWindowController.xib; sourceTree = "<group>"; };
		B86205271ECEC81E00F7888F /* MonitorWindowController.h */ = {isa = PBXFileReference; fileEncoding = 4; lastKnownFileType = sourcecode.c.h; path = MonitorWindowController.h; sourceTree = "<group>"; };
		B86205281ECEC81E00F7888F /* MonitorWindowController.m */ = {isa = PBXFileReference; fileEncoding = 4; lastKnownFileType = sourcecode.c.objc; path = MonitorWindowController.m; sourceTree = "<group>"; };
		B86205291ECEC81E00F7888F /* MonitorWindowController.xib */ = {isa = PBXFileReference; fileEncoding = 4; lastKnownFileType = file.xib; path = MonitorWindowController.xib; sourceTree = "<group>"; };
		B8A25F1B1ED422B00085C843 /* IP.h */ = {isa = PBXFileReference; fileEncoding = 4; lastKnownFileType = sourcecode.c.h; path = IP.h; sourceTree = "<group>"; };
		B8A25F1C1ED422B00085C843 /* IP.m */ = {isa = PBXFileReference; fileEncoding = 4; lastKnownFileType = sourcecode.c.objc; path = IP.m; sourceTree = "<group>"; };
		B8A25F201ED423A70085C843 /* iAlert.h */ = {isa = PBXFileReference; fileEncoding = 4; lastKnownFileType = sourcecode.c.h; path = iAlert.h; sourceTree = "<group>"; };
		B8A25F211ED423A70085C843 /* iAlert.m */ = {isa = PBXFileReference; fileEncoding = 4; lastKnownFileType = sourcecode.c.objc; path = iAlert.m; sourceTree = "<group>"; };
		B8BC40141ED2A34C006B3CF7 /* DynamicPopUpButtonCell.h */ = {isa = PBXFileReference; fileEncoding = 4; lastKnownFileType = sourcecode.c.h; path = DynamicPopUpButtonCell.h; sourceTree = "<group>"; };
		B8BC40151ED2A34C006B3CF7 /* DynamicPopUpButtonCell.m */ = {isa = PBXFileReference; fileEncoding = 4; lastKnownFileType = sourcecode.c.objc; path = DynamicPopUpButtonCell.m; sourceTree = "<group>"; };
		B8BC40181ED2AD1A006B3CF7 /* OprationCell.h */ = {isa = PBXFileReference; fileEncoding = 4; lastKnownFileType = sourcecode.c.h; path = OprationCell.h; sourceTree = "<group>"; };
		B8BC40191ED2AD1A006B3CF7 /* OprationCell.m */ = {isa = PBXFileReference; fileEncoding = 4; lastKnownFileType = sourcecode.c.objc; path = OprationCell.m; sourceTree = "<group>"; };
		B8F54D521ECAC567009855D1 /* DNSPod.app */ = {isa = PBXFileReference; explicitFileType = wrapper.application; includeInIndex = 0; path = DNSPod.app; sourceTree = BUILT_PRODUCTS_DIR; };
		B8F54D551ECAC567009855D1 /* AppDelegate.h */ = {isa = PBXFileReference; lastKnownFileType = sourcecode.c.h; path = AppDelegate.h; sourceTree = "<group>"; };
		B8F54D561ECAC567009855D1 /* AppDelegate.m */ = {isa = PBXFileReference; lastKnownFileType = sourcecode.c.objc; path = AppDelegate.m; sourceTree = "<group>"; };
		B8F54D591ECAC567009855D1 /* main.m */ = {isa = PBXFileReference; lastKnownFileType = sourcecode.c.objc; path = main.m; sourceTree = "<group>"; };
		B8F54D5B1ECAC567009855D1 /* Assets.xcassets */ = {isa = PBXFileReference; lastKnownFileType = folder.assetcatalog; path = Assets.xcassets; sourceTree = "<group>"; };
		B8F54D5E1ECAC567009855D1 /* Base */ = {isa = PBXFileReference; lastKnownFileType = file.xib; name = Base; path = Base.lproj/MainMenu.xib; sourceTree = "<group>"; };
		B8F54D601ECAC567009855D1 /* Info.plist */ = {isa = PBXFileReference; lastKnownFileType = text.plist.xml; path = Info.plist; sourceTree = "<group>"; };
		B8F54D721ECACD11009855D1 /* UserViewController.h */ = {isa = PBXFileReference; fileEncoding = 4; lastKnownFileType = sourcecode.c.h; path = UserViewController.h; sourceTree = "<group>"; };
		B8F54D731ECACD11009855D1 /* UserViewController.m */ = {isa = PBXFileReference; fileEncoding = 4; lastKnownFileType = sourcecode.c.objc; path = UserViewController.m; sourceTree = "<group>"; };
		B8F54D741ECACD11009855D1 /* UserViewController.xib */ = {isa = PBXFileReference; fileEncoding = 4; lastKnownFileType = file.xib; path = UserViewController.xib; sourceTree = "<group>"; };
		B8F54D771ECACEF9009855D1 /* logo.png */ = {isa = PBXFileReference; lastKnownFileType = image.png; path = logo.png; sourceTree = "<group>"; };
		B8F54D791ECAD18B009855D1 /* statusbar.png */ = {isa = PBXFileReference; lastKnownFileType = image.png; path = statusbar.png; sourceTree = "<group>"; };
		B8F54D7A1ECAD18B009855D1 /* statusbar@2x.png */ = {isa = PBXFileReference; lastKnownFileType = image.png; path = "statusbar@2x.png"; sourceTree = "<group>"; };
		B8F54D831ECAD5BE009855D1 /* APIManager.h */ = {isa = PBXFileReference; fileEncoding = 4; lastKnownFileType = sourcecode.c.h; path = APIManager.h; sourceTree = "<group>"; };
		B8F54D841ECAD5BE009855D1 /* APIManager.m */ = {isa = PBXFileReference; fileEncoding = 4; lastKnownFileType = sourcecode.c.objc; path = APIManager.m; sourceTree = "<group>"; };
		B8F54D851ECAD5BE009855D1 /* Constant.h */ = {isa = PBXFileReference; fileEncoding = 4; lastKnownFileType = sourcecode.c.h; path = Constant.h; sourceTree = "<group>"; };
		B8F54D881ECAD626009855D1 /* User.h */ = {isa = PBXFileReference; fileEncoding = 4; lastKnownFileType = sourcecode.c.h; path = User.h; sourceTree = "<group>"; };
		B8F54D891ECAD626009855D1 /* User.m */ = {isa = PBXFileReference; fileEncoding = 4; lastKnownFileType = sourcecode.c.objc; path = User.m; sourceTree = "<group>"; };
		B8F54D8B1ECAD6CC009855D1 /* BaseModel.h */ = {isa = PBXFileReference; fileEncoding = 4; lastKnownFileType = sourcecode.c.h; path = BaseModel.h; sourceTree = "<group>"; };
		B8F54D8C1ECAD6CC009855D1 /* BaseModel.m */ = {isa = PBXFileReference; fileEncoding = 4; lastKnownFileType = sourcecode.c.objc; path = BaseModel.m; sourceTree = "<group>"; };
		B8F54D8F1ECAE3C9009855D1 /* NSDictionary+JKSafeAccess.h */ = {isa = PBXFileReference; fileEncoding = 4; lastKnownFileType = sourcecode.c.h; path = "NSDictionary+JKSafeAccess.h"; sourceTree = "<group>"; };
		B8F54D901ECAE3C9009855D1 /* NSDictionary+JKSafeAccess.m */ = {isa = PBXFileReference; fileEncoding = 4; lastKnownFileType = sourcecode.c.objc; path = "NSDictionary+JKSafeAccess.m"; sourceTree = "<group>"; };
		B8F54D921ECAE3D7009855D1 /* NSArray+JKSafeAccess.h */ = {isa = PBXFileReference; fileEncoding = 4; lastKnownFileType = sourcecode.c.h; path = "NSArray+JKSafeAccess.h"; sourceTree = "<group>"; };
		B8F54D931ECAE3D7009855D1 /* NSArray+JKSafeAccess.m */ = {isa = PBXFileReference; fileEncoding = 4; lastKnownFileType = sourcecode.c.objc; path = "NSArray+JKSafeAccess.m"; sourceTree = "<group>"; };
/* End PBXFileReference section */

/* Begin PBXFrameworksBuildPhase section */
		B8F54D4F1ECAC567009855D1 /* Frameworks */ = {
			isa = PBXFrameworksBuildPhase;
			buildActionMask = 2147483647;
			files = (
			);
			runOnlyForDeploymentPostprocessing = 0;
		};
/* End PBXFrameworksBuildPhase section */

/* Begin PBXGroup section */
		B862051A1ECEC6E900F7888F /* Domain */ = {
			isa = PBXGroup;
			children = (
				B862051B1ECEC6E900F7888F /* DomainWindowController.h */,
				B862051C1ECEC6E900F7888F /* DomainWindowController.m */,
				B862051D1ECEC6E900F7888F /* DomainWindowController.xib */,
			);
			path = Domain;
			sourceTree = "<group>";
		};
		B86205201ECEC7EC00F7888F /* Monitor */ = {
			isa = PBXGroup;
			children = (
				B86205271ECEC81E00F7888F /* MonitorWindowController.h */,
				B86205281ECEC81E00F7888F /* MonitorWindowController.m */,
				B86205291ECEC81E00F7888F /* MonitorWindowController.xib */,
			);
			path = Monitor;
			sourceTree = "<group>";
		};
		B86205211ECEC7EC00F7888F /* Record */ = {
			isa = PBXGroup;
			children = (
				B8BC40171ED2ACF2006B3CF7 /* View */,
				B86205221ECEC7FE00F7888F /* RecordWindowController.h */,
				B86205231ECEC7FE00F7888F /* RecordWindowController.m */,
				B86205241ECEC7FE00F7888F /* RecordWindowController.xib */,
			);
			path = Record;
			sourceTree = "<group>";
		};
		B8A25F1E1ED423A30085C843 /* Vendor */ = {
			isa = PBXGroup;
			children = (
				B8A25F1F1ED423A70085C843 /* iAlert */,
			);
			path = Vendor;
			sourceTree = "<group>";
		};
		B8A25F1F1ED423A70085C843 /* iAlert */ = {
			isa = PBXGroup;
			children = (
				B8A25F201ED423A70085C843 /* iAlert.h */,
				B8A25F211ED423A70085C843 /* iAlert.m */,
			);
			path = iAlert;
			sourceTree = "<group>";
		};
		B8BC40101ED2A2FE006B3CF7 /* View */ = {
			isa = PBXGroup;
			children = (
				B8BC40141ED2A34C006B3CF7 /* DynamicPopUpButtonCell.h */,
				B8BC40151ED2A34C006B3CF7 /* DynamicPopUpButtonCell.m */,
			);
			path = View;
			sourceTree = "<group>";
		};
		B8BC40171ED2ACF2006B3CF7 /* View */ = {
			isa = PBXGroup;
			children = (
				B8BC40181ED2AD1A006B3CF7 /* OprationCell.h */,
				B8BC40191ED2AD1A006B3CF7 /* OprationCell.m */,
			);
			path = View;
			sourceTree = "<group>";
		};
		B8F54D491ECAC567009855D1 = {
			isa = PBXGroup;
			children = (
				B8F54D541ECAC567009855D1 /* DNSPod */,
				B8F54D531ECAC567009855D1 /* Products */,
			);
			sourceTree = "<group>";
		};
		B8F54D531ECAC567009855D1 /* Products */ = {
			isa = PBXGroup;
			children = (
				B8F54D521ECAC567009855D1 /* DNSPod.app */,
			);
			name = Products;
			sourceTree = "<group>";
		};
		B8F54D541ECAC567009855D1 /* DNSPod */ = {
			isa = PBXGroup;
			children = (
				B8A25F1E1ED423A30085C843 /* Vendor */,
				B8F54D6A1ECAC9CF009855D1 /* Controller */,
				B8BC40101ED2A2FE006B3CF7 /* View */,
				B8F54D8E1ECAE3B0009855D1 /* Category */,
				B8F54D871ECAD5C6009855D1 /* Model */,
				B8F54D821ECAD5BE009855D1 /* APIManager */,
				B8F54D551ECAC567009855D1 /* AppDelegate.h */,
				B8F54D561ECAC567009855D1 /* AppDelegate.m */,
				B8F54D5B1ECAC567009855D1 /* Assets.xcassets */,
				B8F54D5D1ECAC567009855D1 /* MainMenu.xib */,
				B8F54D601ECAC567009855D1 /* Info.plist */,
				B8F54D771ECACEF9009855D1 /* logo.png */,
				B8F54D791ECAD18B009855D1 /* statusbar.png */,
				B8F54D7A1ECAD18B009855D1 /* statusbar@2x.png */,
				B8F54D581ECAC567009855D1 /* Supporting Files */,
			);
			path = DNSPod;
			sourceTree = "<group>";
		};
		B8F54D581ECAC567009855D1 /* Supporting Files */ = {
			isa = PBXGroup;
			children = (
				B8F54D591ECAC567009855D1 /* main.m */,
			);
			name = "Supporting Files";
			sourceTree = "<group>";
		};
		B8F54D6A1ECAC9CF009855D1 /* Controller */ = {
			isa = PBXGroup;
			children = (
				B86205201ECEC7EC00F7888F /* Monitor */,
				B86205211ECEC7EC00F7888F /* Record */,
				B862051A1ECEC6E900F7888F /* Domain */,
				B8F54D711ECACD06009855D1 /* User */,
			);
			path = Controller;
			sourceTree = "<group>";
		};
		B8F54D711ECACD06009855D1 /* User */ = {
			isa = PBXGroup;
			children = (
				B8F54D721ECACD11009855D1 /* UserViewController.h */,
				B8F54D731ECACD11009855D1 /* UserViewController.m */,
				B8F54D741ECACD11009855D1 /* UserViewController.xib */,
			);
			path = User;
			sourceTree = "<group>";
		};
		B8F54D821ECAD5BE009855D1 /* APIManager */ = {
			isa = PBXGroup;
			children = (
				B8F54D831ECAD5BE009855D1 /* APIManager.h */,
				B8F54D841ECAD5BE009855D1 /* APIManager.m */,
				B8F54D851ECAD5BE009855D1 /* Constant.h */,
			);
			path = APIManager;
			sourceTree = "<group>";
		};
		B8F54D871ECAD5C6009855D1 /* Model */ = {
			isa = PBXGroup;
			children = (
				B8F54D881ECAD626009855D1 /* User.h */,
				B8F54D891ECAD626009855D1 /* User.m */,
				B8F54D8B1ECAD6CC009855D1 /* BaseModel.h */,
				B8F54D8C1ECAD6CC009855D1 /* BaseModel.m */,
				B86205111ECEA04700F7888F /* Domain.h */,
				B86205121ECEA04700F7888F /* Domain.m */,
				B86205141ECEB38B00F7888F /* Record.h */,
				B86205151ECEB38B00F7888F /* Record.m */,
				B86205171ECEB3B100F7888F /* Monitor.h */,
				B86205181ECEB3B100F7888F /* Monitor.m */,
				B8A25F1B1ED422B00085C843 /* IP.h */,
				B8A25F1C1ED422B00085C843 /* IP.m */,
			);
			path = Model;
			sourceTree = "<group>";
		};
		B8F54D8E1ECAE3B0009855D1 /* Category */ = {
			isa = PBXGroup;
			children = (
				B8F54D921ECAE3D7009855D1 /* NSArray+JKSafeAccess.h */,
				B8F54D931ECAE3D7009855D1 /* NSArray+JKSafeAccess.m */,
				B8F54D8F1ECAE3C9009855D1 /* NSDictionary+JKSafeAccess.h */,
				B8F54D901ECAE3C9009855D1 /* NSDictionary+JKSafeAccess.m */,
			);
			path = Category;
			sourceTree = "<group>";
		};
/* End PBXGroup section */

/* Begin PBXNativeTarget section */
		B8F54D511ECAC567009855D1 /* DNSPod */ = {
			isa = PBXNativeTarget;
			buildConfigurationList = B8F54D631ECAC567009855D1 /* Build configuration list for PBXNativeTarget "DNSPod" */;
			buildPhases = (
				B8F54D4E1ECAC567009855D1 /* Sources */,
				B8F54D4F1ECAC567009855D1 /* Frameworks */,
				B8F54D501ECAC567009855D1 /* Resources */,
			);
			buildRules = (
			);
			dependencies = (
			);
			name = DNSPod;
			productName = DNSPod;
			productReference = B8F54D521ECAC567009855D1 /* DNSPod.app */;
			productType = "com.apple.product-type.application";
		};
/* End PBXNativeTarget section */

/* Begin PBXProject section */
		B8F54D4A1ECAC567009855D1 /* Project object */ = {
			isa = PBXProject;
			attributes = {
				LastUpgradeCheck = 0820;
				ORGANIZATIONNAME = Jakey;
				TargetAttributes = {
					B8F54D511ECAC567009855D1 = {
						CreatedOnToolsVersion = 8.2.1;
						ProvisioningStyle = Automatic;
					};
				};
			};
			buildConfigurationList = B8F54D4D1ECAC567009855D1 /* Build configuration list for PBXProject "DNSPod" */;
			compatibilityVersion = "Xcode 3.2";
			developmentRegion = English;
			hasScannedForEncodings = 0;
			knownRegions = (
				en,
				Base,
			);
			mainGroup = B8F54D491ECAC567009855D1;
			productRefGroup = B8F54D531ECAC567009855D1 /* Products */;
			projectDirPath = "";
			projectRoot = "";
			targets = (
				B8F54D511ECAC567009855D1 /* DNSPod */,
			);
		};
/* End PBXProject section */

/* Begin PBXResourcesBuildPhase section */
		B8F54D501ECAC567009855D1 /* Resources */ = {
			isa = PBXResourcesBuildPhase;
			buildActionMask = 2147483647;
			files = (
				B8F54D7C1ECAD18B009855D1 /* statusbar@2x.png in Resources */,
				B8F54D5C1ECAC567009855D1 /* Assets.xcassets in Resources */,
				B8F54D761ECACD11009855D1 /* UserViewController.xib in Resources */,
				B862051F1ECEC6E900F7888F /* DomainWindowController.xib in Resources */,
				B8F54D781ECACEF9009855D1 /* logo.png in Resources */,
				B8F54D5F1ECAC567009855D1 /* MainMenu.xib in Resources */,
				B862052B1ECEC81E00F7888F /* MonitorWindowController.xib in Resources */,
				B86205261ECEC7FE00F7888F /* RecordWindowController.xib in Resources */,
				B8F54D7B1ECAD18B009855D1 /* statusbar.png in Resources */,
			);
			runOnlyForDeploymentPostprocessing = 0;
		};
/* End PBXResourcesBuildPhase section */

/* Begin PBXSourcesBuildPhase section */
		B8F54D4E1ECAC567009855D1 /* Sources */ = {
			isa = PBXSourcesBuildPhase;
			buildActionMask = 2147483647;
			files = (
				B8A25F1D1ED422B00085C843 /* IP.m in Sources */,
				B86205191ECEB3B100F7888F /* Monitor.m in Sources */,
				B8F54D8D1ECAD6CC009855D1 /* BaseModel.m in Sources */,
				B86205131ECEA04700F7888F /* Domain.m in Sources */,
				B8F54D8A1ECAD626009855D1 /* User.m in Sources */,
				B862052A1ECEC81E00F7888F /* MonitorWindowController.m in Sources */,
				B8BC401A1ED2AD1A006B3CF7 /* OprationCell.m in Sources */,
				B8F54D941ECAE3D7009855D1 /* NSArray+JKSafeAccess.m in Sources */,
				B8F54D911ECAE3C9009855D1 /* NSDictionary+JKSafeAccess.m in Sources */,
				B8BC40161ED2A34C006B3CF7 /* DynamicPopUpButtonCell.m in Sources */,
				B86205161ECEB38B00F7888F /* Record.m in Sources */,
				B862051E1ECEC6E900F7888F /* DomainWindowController.m in Sources */,
				B8F54D861ECAD5BE009855D1 /* APIManager.m in Sources */,
				B86205251ECEC7FE00F7888F /* RecordWindowController.m in Sources */,
				B8A25F221ED423A70085C843 /* iAlert.m in Sources */,
				B8F54D751ECACD11009855D1 /* UserViewController.m in Sources */,
				B8F54D5A1ECAC567009855D1 /* main.m in Sources */,
				B8F54D571ECAC567009855D1 /* AppDelegate.m in Sources */,
			);
			runOnlyForDeploymentPostprocessing = 0;
		};
/* End PBXSourcesBuildPhase section */

/* Begin PBXVariantGroup section */
		B8F54D5D1ECAC567009855D1 /* MainMenu.xib */ = {
			isa = PBXVariantGroup;
			children = (
				B8F54D5E1ECAC567009855D1 /* Base */,
			);
			name = MainMenu.xib;
			sourceTree = "<group>";
		};
/* End PBXVariantGroup section */

/* Begin XCBuildConfiguration section */
		B8F54D611ECAC567009855D1 /* Debug */ = {
			isa = XCBuildConfiguration;
			buildSettings = {
				ALWAYS_SEARCH_USER_PATHS = NO;
				CLANG_ANALYZER_NONNULL = YES;
				CLANG_CXX_LANGUAGE_STANDARD = "gnu++0x";
				CLANG_CXX_LIBRARY = "libc++";
				CLANG_ENABLE_MODULES = YES;
				CLANG_ENABLE_OBJC_ARC = YES;
				CLANG_WARN_BOOL_CONVERSION = YES;
				CLANG_WARN_CONSTANT_CONVERSION = YES;
				CLANG_WARN_DIRECT_OBJC_ISA_USAGE = YES_ERROR;
				CLANG_WARN_DOCUMENTATION_COMMENTS = YES;
				CLANG_WARN_EMPTY_BODY = YES;
				CLANG_WARN_ENUM_CONVERSION = YES;
				CLANG_WARN_INFINITE_RECURSION = YES;
				CLANG_WARN_INT_CONVERSION = YES;
				CLANG_WARN_OBJC_ROOT_CLASS = YES_ERROR;
				CLANG_WARN_SUSPICIOUS_MOVE = YES;
				CLANG_WARN_UNREACHABLE_CODE = YES;
				CLANG_WARN__DUPLICATE_METHOD_MATCH = YES;
				CODE_SIGN_IDENTITY = "-";
				COPY_PHASE_STRIP = NO;
				DEBUG_INFORMATION_FORMAT = dwarf;
				ENABLE_STRICT_OBJC_MSGSEND = YES;
				ENABLE_TESTABILITY = YES;
				GCC_C_LANGUAGE_STANDARD = gnu99;
				GCC_DYNAMIC_NO_PIC = NO;
				GCC_NO_COMMON_BLOCKS = YES;
				GCC_OPTIMIZATION_LEVEL = 0;
				GCC_PREPROCESSOR_DEFINITIONS = (
					"DEBUG=1",
					"$(inherited)",
				);
				GCC_WARN_64_TO_32_BIT_CONVERSION = YES;
				GCC_WARN_ABOUT_RETURN_TYPE = YES_ERROR;
				GCC_WARN_UNDECLARED_SELECTOR = YES;
				GCC_WARN_UNINITIALIZED_AUTOS = YES_AGGRESSIVE;
				GCC_WARN_UNUSED_FUNCTION = YES;
				GCC_WARN_UNUSED_VARIABLE = YES;
				MACOSX_DEPLOYMENT_TARGET = 10.8;
				MTL_ENABLE_DEBUG_INFO = YES;
				ONLY_ACTIVE_ARCH = YES;
				SDKROOT = macosx;
			};
			name = Debug;
		};
		B8F54D621ECAC567009855D1 /* Release */ = {
			isa = XCBuildConfiguration;
			buildSettings = {
				ALWAYS_SEARCH_USER_PATHS = NO;
				CLANG_ANALYZER_NONNULL = YES;
				CLANG_CXX_LANGUAGE_STANDARD = "gnu++0x";
				CLANG_CXX_LIBRARY = "libc++";
				CLANG_ENABLE_MODULES = YES;
				CLANG_ENABLE_OBJC_ARC = YES;
				CLANG_WARN_BOOL_CONVERSION = YES;
				CLANG_WARN_CONSTANT_CONVERSION = YES;
				CLANG_WARN_DIRECT_OBJC_ISA_USAGE = YES_ERROR;
				CLANG_WARN_DOCUMENTATION_COMMENTS = YES;
				CLANG_WARN_EMPTY_BODY = YES;
				CLANG_WARN_ENUM_CONVERSION = YES;
				CLANG_WARN_INFINITE_RECURSION = YES;
				CLANG_WARN_INT_CONVERSION = YES;
				CLANG_WARN_OBJC_ROOT_CLASS = YES_ERROR;
				CLANG_WARN_SUSPICIOUS_MOVE = YES;
				CLANG_WARN_UNREACHABLE_CODE = YES;
				CLANG_WARN__DUPLICATE_METHOD_MATCH = YES;
				CODE_SIGN_IDENTITY = "-";
				COPY_PHASE_STRIP = NO;
				DEBUG_INFORMATION_FORMAT = "dwarf-with-dsym";
				ENABLE_NS_ASSERTIONS = NO;
				ENABLE_STRICT_OBJC_MSGSEND = YES;
				GCC_C_LANGUAGE_STANDARD = gnu99;
				GCC_NO_COMMON_BLOCKS = YES;
				GCC_WARN_64_TO_32_BIT_CONVERSION = YES;
				GCC_WARN_ABOUT_RETURN_TYPE = YES_ERROR;
				GCC_WARN_UNDECLARED_SELECTOR = YES;
				GCC_WARN_UNINITIALIZED_AUTOS = YES_AGGRESSIVE;
				GCC_WARN_UNUSED_FUNCTION = YES;
				GCC_WARN_UNUSED_VARIABLE = YES;
				MACOSX_DEPLOYMENT_TARGET = 10.8;
				MTL_ENABLE_DEBUG_INFO = NO;
				SDKROOT = macosx;
			};
			name = Release;
		};
		B8F54D641ECAC567009855D1 /* Debug */ = {
			isa = XCBuildConfiguration;
			buildSettings = {
				ASSETCATALOG_COMPILER_APPICON_NAME = AppIcon;
				COMBINE_HIDPI_IMAGES = YES;
				INFOPLIST_FILE = DNSPod/Info.plist;
				LD_RUNPATH_SEARCH_PATHS = "$(inherited) @executable_path/../Frameworks";
				MACOSX_DEPLOYMENT_TARGET = 10.8;
				PRODUCT_BUNDLE_IDENTIFIER = org.skyfox.DNSPod;
				PRODUCT_NAME = "$(TARGET_NAME)";
			};
			name = Debug;
		};
		B8F54D651ECAC567009855D1 /* Release */ = {
			isa = XCBuildConfiguration;
			buildSettings = {
				ASSETCATALOG_COMPILER_APPICON_NAME = AppIcon;
				COMBINE_HIDPI_IMAGES = YES;
				INFOPLIST_FILE = DNSPod/Info.plist;
				LD_RUNPATH_SEARCH_PATHS = "$(inherited) @executable_path/../Frameworks";
				MACOSX_DEPLOYMENT_TARGET = 10.8;
				PRODUCT_BUNDLE_IDENTIFIER = org.skyfox.DNSPod;
				PRODUCT_NAME = "$(TARGET_NAME)";
			};
			name = Release;
		};
/* End XCBuildConfiguration section */

/* Begin XCConfigurationList section */
		B8F54D4D1ECAC567009855D1 /* Build configuration list for PBXProject "DNSPod" */ = {
			isa = XCConfigurationList;
			buildConfigurations = (
				B8F54D611ECAC567009855D1 /* Debug */,
				B8F54D621ECAC567009855D1 /* Release */,
			);
			defaultConfigurationIsVisible = 0;
			defaultConfigurationName = Release;
		};
		B8F54D631ECAC567009855D1 /* Build configuration list for PBXNativeTarget "DNSPod" */ = {
			isa = XCConfigurationList;
			buildConfigurations = (
				B8F54D641ECAC567009855D1 /* Debug */,
				B8F54D651ECAC567009855D1 /* Release */,
			);
			defaultConfigurationIsVisible = 0;
			defaultConfigurationName = Release;
		};
/* End XCConfigurationList section */
	};
	rootObject = B8F54D4A1ECAC567009855D1 /* Project object */;
}
